{
  "name": "phone-carrier",
  "version": "1.0.5",
  "lockfileVersion": 2,
  "requires": true,
  "packages": {
    "": {
      "name": "phone-carrier",
      "version": "1.0.5",
      "dependencies": {
        "libphonenumber-js": "1.9.43"
      },
      "devDependencies": {},
      "engines": {
        "node": ">=16.13"
      }
    },
    "node_modules/libphonenumber-js": {
      "version": "1.9.43",
      "resolved": "https://registry.npmjs.org/libphonenumber-js/-/libphonenumber-js-1.9.43.tgz",
      "integrity": "sha512-tNB87ZutAiAkl3DE/Bo0Mxqn/XZbNxhPg4v9bYBwQQW4dlhBGqXl1vtmPxeDWbrijzwOA9vRjOOFm5V9SK/W3w=="
    }
  },
  "dependencies": {
    "libphonenumber-js": {
      "version": "1.9.43",
      "resolved": "https://registry.npmjs.org/libphonenumber-js/-/libphonenumber-js-1.9.43.tgz",
      "integrity": "sha512-tNB87ZutAiAkl3DE/Bo0Mxqn/XZbNxhPg4v9bYBwQQW4dlhBGqXl1vtmPxeDWbrijzwOA9vRjOOFm5V9SK/W3w=="
    }
  }
}
