{
  "name": "phone-carrier",
  "version": "1.0.0",
  "lockfileVersion": 2,
  "requires": true,
  "packages": {
    "": {
      "name": "phone-carrier",
      "version": "1.0.0",
      "dependencies": {
        "libphonenumber-js": "^1.9.43"
      },
      "engines": {
        "node": ">=16.13"
      }
    },
    "node_modules/libphonenumber-js": {
      "version": "1.9.44",
      "resolved": "https://registry.npmjs.org/libphonenumber-js/-/libphonenumber-js-1.9.44.tgz",
      "integrity": "sha512-zhw8nUMJuQf7jG1dZfEOKKOS6M3QYIv3HnvB/vGohNd0QfxIQcObH3a6Y6s350H+9xgBeOXClOJkS0hJ0yvS3g=="
    }
  },
  "dependencies": {
    "libphonenumber-js": {
      "version": "1.9.44",
      "resolved": "https://registry.npmjs.org/libphonenumber-js/-/libphonenumber-js-1.9.44.tgz",
      "integrity": "sha512-zhw8nUMJuQf7jG1dZfEOKKOS6M3QYIv3HnvB/vGohNd0QfxIQcObH3a6Y6s350H+9xgBeOXClOJkS0hJ0yvS3g=="
    }
  }
}
